// !$*UTF8*$!
{
	archiveVersion = 1;
	classes = {
	};
	objectVersion = 50;
	objects = {

/* Begin PBXBuildFile section */
		934BAC252218DE9C005511EE /* GoogleService-Info.plist in Resources */ = {isa = PBXBuildFile; fileRef = 934BAC242218DE9C005511EE /* GoogleService-Info.plist */; };
		934BAC272219DBF8005511EE /* HomeModel.swift in Sources */ = {isa = PBXBuildFile; fileRef = 934BAC262219DBF8005511EE /* HomeModel.swift */; };
		93A94CB121AE24BE00554D52 /* AppDelegate.swift in Sources */ = {isa = PBXBuildFile; fileRef = 93A94CB021AE24BE00554D52 /* AppDelegate.swift */; };
		93A94CB321AE24BE00554D52 /* ViewController.swift in Sources */ = {isa = PBXBuildFile; fileRef = 93A94CB221AE24BE00554D52 /* ViewController.swift */; };
		93A94CB821AE24C000554D52 /* Assets.xcassets in Resources */ = {isa = PBXBuildFile; fileRef = 93A94CB721AE24C000554D52 /* Assets.xcassets */; };
		93A94CBB21AE24C000554D52 /* LaunchScreen.storyboard in Resources */ = {isa = PBXBuildFile; fileRef = 93A94CB921AE24C000554D52 /* LaunchScreen.storyboard */; };
		93CFE7B621BA146900F305F7 /* Main.storyboard in Resources */ = {isa = PBXBuildFile; fileRef = 93CFE7B421BA146900F305F7 /* Main.storyboard */; };
		93CFE7B821BA170B00F305F7 /* PointsCell.swift in Sources */ = {isa = PBXBuildFile; fileRef = 93CFE7B721BA170B00F305F7 /* PointsCell.swift */; };
		F66544E8B08C7F4DFF7EC755 /* libPods-Gotcha! Score Keeper.a in Frameworks */ = {isa = PBXBuildFile; fileRef = 455B7E609AC3D4F583470695 /* libPods-Gotcha! Score Keeper.a */; };
/* End PBXBuildFile section */

/* Begin PBXFileReference section */
		03FF008015A28B0D71AC16EB /* Pods-Gotcha! Score Keeper.debug.xcconfig */ = {isa = PBXFileReference; includeInIndex = 1; lastKnownFileType = text.xcconfig; name = "Pods-Gotcha! Score Keeper.debug.xcconfig"; path = "Target Support Files/Pods-Gotcha! Score Keeper/Pods-Gotcha! Score Keeper.debug.xcconfig"; sourceTree = "<group>"; };
		10BF8E7723DD8F8C841073D9 /* Pods-Gotcha! Score Keeper.release.xcconfig */ = {isa = PBXFileReference; includeInIndex = 1; lastKnownFileType = text.xcconfig; name = "Pods-Gotcha! Score Keeper.release.xcconfig"; path = "Target Support Files/Pods-Gotcha! Score Keeper/Pods-Gotcha! Score Keeper.release.xcconfig"; sourceTree = "<group>"; };
		455B7E609AC3D4F583470695 /* libPods-Gotcha! Score Keeper.a */ = {isa = PBXFileReference; explicitFileType = archive.ar; includeInIndex = 0; path = "libPods-Gotcha! Score Keeper.a"; sourceTree = BUILT_PRODUCTS_DIR; };
		934BAC242218DE9C005511EE /* GoogleService-Info.plist */ = {isa = PBXFileReference; fileEncoding = 4; lastKnownFileType = text.plist.xml; path = "GoogleService-Info.plist"; sourceTree = "<group>"; };
		934BAC262219DBF8005511EE /* HomeModel.swift */ = {isa = PBXFileReference; lastKnownFileType = sourcecode.swift; path = HomeModel.swift; sourceTree = "<group>"; };
		93A94CAD21AE24BE00554D52 /* Gotcha! Score Keeper.app */ = {isa = PBXFileReference; explicitFileType = wrapper.application; includeInIndex = 0; path = "Gotcha! Score Keeper.app"; sourceTree = BUILT_PRODUCTS_DIR; };
		93A94CB021AE24BE00554D52 /* AppDelegate.swift */ = {isa = PBXFileReference; lastKnownFileType = sourcecode.swift; path = AppDelegate.swift; sourceTree = "<group>"; };
		93A94CB221AE24BE00554D52 /* ViewController.swift */ = {isa = PBXFileReference; lastKnownFileType = sourcecode.swift; path = ViewController.swift; sourceTree = "<group>"; };
		93A94CB721AE24C000554D52 /* Assets.xcassets */ = {isa = PBXFileReference; lastKnownFileType = folder.assetcatalog; path = Assets.xcassets; sourceTree = "<group>"; };
		93A94CBA21AE24C000554D52 /* Base */ = {isa = PBXFileReference; lastKnownFileType = file.storyboard; name = Base; path = Base.lproj/LaunchScreen.storyboard; sourceTree = "<group>"; };
		93A94CBC21AE24C000554D52 /* Info.plist */ = {isa = PBXFileReference; lastKnownFileType = text.plist.xml; path = Info.plist; sourceTree = "<group>"; };
		93CFE7B521BA146900F305F7 /* Base */ = {isa = PBXFileReference; lastKnownFileType = file.storyboard; name = Base; path = Base.lproj/Main.storyboard; sourceTree = "<group>"; };
		93CFE7B721BA170B00F305F7 /* PointsCell.swift */ = {isa = PBXFileReference; lastKnownFileType = sourcecode.swift; path = PointsCell.swift; sourceTree = "<group>"; };
/* End PBXFileReference section */

/* Begin PBXFrameworksBuildPhase section */
		93A94CAA21AE24BE00554D52 /* Frameworks */ = {
			isa = PBXFrameworksBuildPhase;
			buildActionMask = 2147483647;
			files = (
				F66544E8B08C7F4DFF7EC755 /* libPods-Gotcha! Score Keeper.a in Frameworks */,
			);
			runOnlyForDeploymentPostprocessing = 0;
		};
/* End PBXFrameworksBuildPhase section */

/* Begin PBXGroup section */
		4E6862BB9C6D728D7B6452D0 /* Frameworks */ = {
			isa = PBXGroup;
			children = (
				455B7E609AC3D4F583470695 /* libPods-Gotcha! Score Keeper.a */,
			);
			name = Frameworks;
			sourceTree = "<group>";
		};
		8B4C3848C8B54DD32A665B0D /* Pods */ = {
			isa = PBXGroup;
			children = (
				03FF008015A28B0D71AC16EB /* Pods-Gotcha! Score Keeper.debug.xcconfig */,
				10BF8E7723DD8F8C841073D9 /* Pods-Gotcha! Score Keeper.release.xcconfig */,
			);
			path = Pods;
			sourceTree = "<group>";
		};
		93A94CA421AE24BE00554D52 = {
			isa = PBXGroup;
			children = (
				93A94CAF21AE24BE00554D52 /* Gotcha! Score Keeper */,
				93A94CAE21AE24BE00554D52 /* Products */,
				8B4C3848C8B54DD32A665B0D /* Pods */,
				4E6862BB9C6D728D7B6452D0 /* Frameworks */,
			);
			sourceTree = "<group>";
		};
		93A94CAE21AE24BE00554D52 /* Products */ = {
			isa = PBXGroup;
			children = (
				93A94CAD21AE24BE00554D52 /* Gotcha! Score Keeper.app */,
			);
			name = Products;
			sourceTree = "<group>";
		};
		93A94CAF21AE24BE00554D52 /* Gotcha! Score Keeper */ = {
			isa = PBXGroup;
			children = (
				934BAC242218DE9C005511EE /* GoogleService-Info.plist */,
				93A94CB021AE24BE00554D52 /* AppDelegate.swift */,
				93A94CB221AE24BE00554D52 /* ViewController.swift */,
				93CFE7B721BA170B00F305F7 /* PointsCell.swift */,
				93CFE7B421BA146900F305F7 /* Main.storyboard */,
				93A94CB721AE24C000554D52 /* Assets.xcassets */,
				93A94CB921AE24C000554D52 /* LaunchScreen.storyboard */,
				93A94CBC21AE24C000554D52 /* Info.plist */,
				934BAC262219DBF8005511EE /* HomeModel.swift */,
			);
			path = "Gotcha! Score Keeper";
			sourceTree = "<group>";
		};
/* End PBXGroup section */

/* Begin PBXNativeTarget section */
		93A94CAC21AE24BE00554D52 /* Gotcha! Score Keeper */ = {
			isa = PBXNativeTarget;
			buildConfigurationList = 93A94CBF21AE24C000554D52 /* Build configuration list for PBXNativeTarget "Gotcha! Score Keeper" */;
			buildPhases = (
				FF2DE03564BFDBAEBAB4E18A /* [CP] Check Pods Manifest.lock */,
				93A94CA921AE24BE00554D52 /* Sources */,
				93A94CAA21AE24BE00554D52 /* Frameworks */,
				93A94CAB21AE24BE00554D52 /* Resources */,
			);
			buildRules = (
			);
			dependencies = (
			);
			name = "Gotcha! Score Keeper";
			productName = "Gotcha! Score Keeper";
			productReference = 93A94CAD21AE24BE00554D52 /* Gotcha! Score Keeper.app */;
			productType = "com.apple.product-type.application";
		};
/* End PBXNativeTarget section */

/* Begin PBXProject section */
		93A94CA521AE24BE00554D52 /* Project object */ = {
			isa = PBXProject;
			attributes = {
				LastSwiftUpdateCheck = 1000;
				LastUpgradeCheck = 1000;
				ORGANIZATIONNAME = "Peter Jaworski";
				TargetAttributes = {
					93A94CAC21AE24BE00554D52 = {
						CreatedOnToolsVersion = 10.0;
					};
				};
			};
			buildConfigurationList = 93A94CA821AE24BE00554D52 /* Build configuration list for PBXProject "Gotcha! Score Keeper" */;
			compatibilityVersion = "Xcode 9.3";
			developmentRegion = en;
			hasScannedForEncodings = 0;
			knownRegions = (
				en,
				Base,
			);
			mainGroup = 93A94CA421AE24BE00554D52;
			productRefGroup = 93A94CAE21AE24BE00554D52 /* Products */;
			projectDirPath = "";
			projectRoot = "";
			targets = (
				93A94CAC21AE24BE00554D52 /* Gotcha! Score Keeper */,
			);
		};
/* End PBXProject section */

/* Begin PBXResourcesBuildPhase section */
		93A94CAB21AE24BE00554D52 /* Resources */ = {
			isa = PBXResourcesBuildPhase;
			buildActionMask = 2147483647;
			files = (
				93CFE7B621BA146900F305F7 /* Main.storyboard in Resources */,
				934BAC252218DE9C005511EE /* GoogleService-Info.plist in Resources */,
				93A94CBB21AE24C000554D52 /* LaunchScreen.storyboard in Resources */,
				93A94CB821AE24C000554D52 /* Assets.xcassets in Resources */,
			);
			runOnlyForDeploymentPostprocessing = 0;
		};
/* End PBXResourcesBuildPhase section */

/* Begin PBXShellScriptBuildPhase section */
		FF2DE03564BFDBAEBAB4E18A /* [CP] Check Pods Manifest.lock */ = {
			isa = PBXShellScriptBuildPhase;
			buildActionMask = 2147483647;
			files = (
			);
			inputFileListPaths = (
			);
			inputPaths = (
				"${PODS_PODFILE_DIR_PATH}/Podfile.lock",
				"${PODS_ROOT}/Manifest.lock",
			);
			name = "[CP] Check Pods Manifest.lock";
			outputFileListPaths = (
			);
			outputPaths = (
				"$(DERIVED_FILE_DIR)/Pods-Gotcha! Score Keeper-checkManifestLockResult.txt",
			);
			runOnlyForDeploymentPostprocessing = 0;
			shellPath = /bin/sh;
			shellScript = "diff \"${PODS_PODFILE_DIR_PATH}/Podfile.lock\" \"${PODS_ROOT}/Manifest.lock\" > /dev/null\nif [ $? != 0 ] ; then\n    # print error to STDERR\n    echo \"error: The sandbox is not in sync with the Podfile.lock. Run 'pod install' or update your CocoaPods installation.\" >&2\n    exit 1\nfi\n# This output is used by Xcode 'outputs' to avoid re-running this script phase.\necho \"SUCCESS\" > \"${SCRIPT_OUTPUT_FILE_0}\"\n";
			showEnvVarsInLog = 0;
		};
/* End PBXShellScriptBuildPhase section */

/* Begin PBXSourcesBuildPhase section */
		93A94CA921AE24BE00554D52 /* Sources */ = {
			isa = PBXSourcesBuildPhase;
			buildActionMask = 2147483647;
			files = (
				934BAC272219DBF8005511EE /* HomeModel.swift in Sources */,
				93A94CB321AE24BE00554D52 /* ViewController.swift in Sources */,
				93CFE7B821BA170B00F305F7 /* PointsCell.swift in Sources */,
				93A94CB121AE24BE00554D52 /* AppDelegate.swift in Sources */,
			);
			runOnlyForDeploymentPostprocessing = 0;
		};
/* End PBXSourcesBuildPhase section */

/* Begin PBXVariantGroup section */
		93A94CB921AE24C000554D52 /* LaunchScreen.storyboard */ = {
			isa = PBXVariantGroup;
			children = (
				93A94CBA21AE24C000554D52 /* Base */,
			);
			name = LaunchScreen.storyboard;
			sourceTree = "<group>";
		};
		93CFE7B421BA146900F305F7 /* Main.storyboard */ = {
			isa = PBXVariantGroup;
			children = (
				93CFE7B521BA146900F305F7 /* Base */,
			);
			name = Main.storyboard;
			sourceTree = "<group>";
		};
/* End PBXVariantGroup section */

/* Begin XCBuildConfiguration section */
		93A94CBD21AE24C000554D52 /* Debug */ = {
			isa = XCBuildConfiguration;
			buildSettings = {
				ALWAYS_SEARCH_USER_PATHS = NO;
				CLANG_ANALYZER_NONNULL = YES;
				CLANG_ANALYZER_NUMBER_OBJECT_CONVERSION = YES_AGGRESSIVE;
				CLANG_CXX_LANGUAGE_STANDARD = "gnu++14";
				CLANG_CXX_LIBRARY = "libc++";
				CLANG_ENABLE_MODULES = YES;
				CLANG_ENABLE_OBJC_ARC = YES;
				CLANG_ENABLE_OBJC_WEAK = YES;
				CLANG_WARN_BLOCK_CAPTURE_AUTORELEASING = YES;
				CLANG_WARN_BOOL_CONVERSION = YES;
				CLANG_WARN_COMMA = YES;
				CLANG_WARN_CONSTANT_CONVERSION = YES;
				CLANG_WARN_DEPRECATED_OBJC_IMPLEMENTATIONS = YES;
				CLANG_WARN_DIRECT_OBJC_ISA_USAGE = YES_ERROR;
				CLANG_WARN_DOCUMENTATION_COMMENTS = YES;
				CLANG_WARN_EMPTY_BODY = YES;
				CLANG_WARN_ENUM_CONVERSION = YES;
				CLANG_WARN_INFINITE_RECURSION = YES;
				CLANG_WARN_INT_CONVERSION = YES;
				CLANG_WARN_NON_LITERAL_NULL_CONVERSION = YES;
				CLANG_WARN_OBJC_IMPLICIT_RETAIN_SELF = YES;
				CLANG_WARN_OBJC_LITERAL_CONVERSION = YES;
				CLANG_WARN_OBJC_ROOT_CLASS = YES_ERROR;
				CLANG_WARN_RANGE_LOOP_ANALYSIS = YES;
				CLANG_WARN_STRICT_PROTOTYPES = YES;
				CLANG_WARN_SUSPICIOUS_MOVE = YES;
				CLANG_WARN_UNGUARDED_AVAILABILITY = YES_AGGRESSIVE;
				CLANG_WARN_UNREACHABLE_CODE = YES;
				CLANG_WARN__DUPLICATE_METHOD_MATCH = YES;
				CODE_SIGN_IDENTITY = "iPhone Developer";
				COPY_PHASE_STRIP = NO;
				DEBUG_INFORMATION_FORMAT = dwarf;
				ENABLE_STRICT_OBJC_MSGSEND = YES;
				ENABLE_TESTABILITY = YES;
				GCC_C_LANGUAGE_STANDARD = gnu11;
				GCC_DYNAMIC_NO_PIC = NO;
				GCC_NO_COMMON_BLOCKS = YES;
				GCC_OPTIMIZATION_LEVEL = 0;
				GCC_PREPROCESSOR_DEFINITIONS = (
					"DEBUG=1",
					"$(inherited)",
				);
				GCC_WARN_64_TO_32_BIT_CONVERSION = YES;
				GCC_WARN_ABOUT_RETURN_TYPE = YES_ERROR;
				GCC_WARN_UNDECLARED_SELECTOR = YES;
				GCC_WARN_UNINITIALIZED_AUTOS = YES_AGGRESSIVE;
				GCC_WARN_UNUSED_FUNCTION = YES;
				GCC_WARN_UNUSED_VARIABLE = YES;
				IPHONEOS_DEPLOYMENT_TARGET = 12.0;
				MTL_ENABLE_DEBUG_INFO = INCLUDE_SOURCE;
				MTL_FAST_MATH = YES;
				ONLY_ACTIVE_ARCH = YES;
				SDKROOT = iphoneos;
				SWIFT_ACTIVE_COMPILATION_CONDITIONS = DEBUG;
				SWIFT_OPTIMIZATION_LEVEL = "-Onone";
			};
			name = Debug;
		};
		93A94CBE21AE24C000554D52 /* Release */ = {
			isa = XCBuildConfiguration;
			buildSettings = {
				ALWAYS_SEARCH_USER_PATHS = NO;
				CLANG_ANALYZER_NONNULL = YES;
				CLANG_ANALYZER_NUMBER_OBJECT_CONVERSION = YES_AGGRESSIVE;
				CLANG_CXX_LANGUAGE_STANDARD = "gnu++14";
				CLANG_CXX_LIBRARY = "libc++";
				CLANG_ENABLE_MODULES = YES;
				CLANG_ENABLE_OBJC_ARC = YES;
				CLANG_ENABLE_OBJC_WEAK = YES;
				CLANG_WARN_BLOCK_CAPTURE_AUTORELEASING = YES;
				CLANG_WARN_BOOL_CONVERSION = YES;
				CLANG_WARN_COMMA = YES;
				CLANG_WARN_CONSTANT_CONVERSION = YES;
				CLANG_WARN_DEPRECATED_OBJC_IMPLEMENTATIONS = YES;
				CLANG_WARN_DIRECT_OBJC_ISA_USAGE = YES_ERROR;
				CLANG_WARN_DOCUMENTATION_COMMENTS = YES;
				CLANG_WARN_EMPTY_BODY = YES;
				CLANG_WARN_ENUM_CONVERSION = YES;
				CLANG_WARN_INFINITE_RECURSION = YES;
				CLANG_WARN_INT_CONVERSION = YES;
				CLANG_WARN_NON_LITERAL_NULL_CONVERSION = YES;
				CLANG_WARN_OBJC_IMPLICIT_RETAIN_SELF = YES;
				CLANG_WARN_OBJC_LITERAL_CONVERSION = YES;
				CLANG_WARN_OBJC_ROOT_CLASS = YES_ERROR;
				CLANG_WARN_RANGE_LOOP_ANALYSIS = YES;
				CLANG_WARN_STRICT_PROTOTYPES = YES;
				CLANG_WARN_SUSPICIOUS_MOVE = YES;
				CLANG_WARN_UNGUARDED_AVAILABILITY = YES_AGGRESSIVE;
				CLANG_WARN_UNREACHABLE_CODE = YES;
				CLANG_WARN__DUPLICATE_METHOD_MATCH = YES;
				CODE_SIGN_IDENTITY = "iPhone Developer";
				COPY_PHASE_STRIP = NO;
				DEBUG_INFORMATION_FORMAT = "dwarf-with-dsym";
				ENABLE_NS_ASSERTIONS = NO;
				ENABLE_STRICT_OBJC_MSGSEND = YES;
				GCC_C_LANGUAGE_STANDARD = gnu11;
				GCC_NO_COMMON_BLOCKS = YES;
				GCC_WARN_64_TO_32_BIT_CONVERSION = YES;
				GCC_WARN_ABOUT_RETURN_TYPE = YES_ERROR;
				GCC_WARN_UNDECLARED_SELECTOR = YES;
				GCC_WARN_UNINITIALIZED_AUTOS = YES_AGGRESSIVE;
				GCC_WARN_UNUSED_FUNCTION = YES;
				GCC_WARN_UNUSED_VARIABLE = YES;
				IPHONEOS_DEPLOYMENT_TARGET = 12.0;
				MTL_ENABLE_DEBUG_INFO = NO;
				MTL_FAST_MATH = YES;
				SDKROOT = iphoneos;
				SWIFT_COMPILATION_MODE = wholemodule;
				SWIFT_OPTIMIZATION_LEVEL = "-O";
				VALIDATE_PRODUCT = YES;
			};
			name = Release;
		};
		93A94CC021AE24C000554D52 /* Debug */ = {
			isa = XCBuildConfiguration;
			baseConfigurationReference = 03FF008015A28B0D71AC16EB /* Pods-Gotcha! Score Keeper.debug.xcconfig */;
			buildSettings = {
				ASSETCATALOG_COMPILER_APPICON_NAME = AppIcon;
				CODE_SIGN_STYLE = Automatic;
				DEVELOPMENT_TEAM = CG62CW54AD;
				INFOPLIST_FILE = "Gotcha! Score Keeper/Info.plist";
				LD_RUNPATH_SEARCH_PATHS = (
					"$(inherited)",
					"@executable_path/Frameworks",
				);
				PRODUCT_BUNDLE_IDENTIFIER = "com.peterjaworski.Gotcha--Score-Keeper";
				PRODUCT_NAME = "$(TARGET_NAME)";
				SWIFT_VERSION = 4.2;
				TARGETED_DEVICE_FAMILY = "1,2";
			};
			name = Debug;
		};
		93A94CC121AE24C000554D52 /* Release */ = {
			isa = XCBuildConfiguration;
			baseConfigurationReference = 10BF8E7723DD8F8C841073D9 /* Pods-Gotcha! Score Keeper.release.xcconfig */;
			buildSettings = {
				ASSETCATALOG_COMPILER_APPICON_NAME = AppIcon;
				CODE_SIGN_STYLE = Automatic;
				DEVELOPMENT_TEAM = CG62CW54AD;
				INFOPLIST_FILE = "Gotcha! Score Keeper/Info.plist";
				LD_RUNPATH_SEARCH_PATHS = (
					"$(inherited)",
					"@executable_path/Frameworks",
				);
				PRODUCT_BUNDLE_IDENTIFIER = "com.peterjaworski.Gotcha--Score-Keeper";
				PRODUCT_NAME = "$(TARGET_NAME)";
				SWIFT_VERSION = 4.2;
				TARGETED_DEVICE_FAMILY = "1,2";
			};
			name = Release;
		};
/* End XCBuildConfiguration section */

/* Begin XCConfigurationList section */
		93A94CA821AE24BE00554D52 /* Build configuration list for PBXProject "Gotcha! Score Keeper" */ = {
			isa = XCConfigurationList;
			buildConfigurations = (
				93A94CBD21AE24C000554D52 /* Debug */,
				93A94CBE21AE24C000554D52 /* Release */,
			);
			defaultConfigurationIsVisible = 0;
			defaultConfigurationName = Release;
		};
		93A94CBF21AE24C000554D52 /* Build configuration list for PBXNativeTarget "Gotcha! Score Keeper" */ = {
			isa = XCConfigurationList;
			buildConfigurations = (
				93A94CC021AE24C000554D52 /* Debug */,
				93A94CC121AE24C000554D52 /* Release */,
			);
			defaultConfigurationIsVisible = 0;
			defaultConfigurationName = Release;
		};
/* End XCConfigurationList section */
	};
	rootObject = 93A94CA521AE24BE00554D52 /* Project object */;
}
